// !$*UTF8*$!
{
	archiveVersion = 1;
	classes = {
	};
	objectVersion = 46;
	objects = {

/* Begin PBXGroup section */
		A0DD32771E26EA9C00A95CA7 = {
			isa = PBXGroup;
			children = (
			);
			sourceTree = "<group>";
		};
/* End PBXGroup section */

/* Begin PBXProject section */
		A0DD32781E26EA9C00A95CA7 /* Project object */ = {
			isa = PBXProject;
			attributes = {
				LastUpgradeCheck = 0730;
			};
			buildConfigurationList = A0DD327B1E26EA9C00A95CA7 /* Build configuration list for PBXProject "openvpn-ldapcmd" */;
			compatibilityVersion = "Xcode 3.2";
			developmentRegion = English;
			hasScannedForEncodings = 0;
			knownRegions = (
				en,
			);
			mainGroup = A0DD32771E26EA9C00A95CA7;
			projectDirPath = "";
			projectRoot = "";
			targets = (
			);
		};
/* End PBXProject section */

/* Begin XCBuildConfiguration section */
		A0DD327C1E26EA9C00A95CA7 /* Debug */ = {
			isa = XCBuildConfiguration;
			buildSettings = {
			};
			name = Debug;
		};
		A0DD327D1E26EA9C00A95CA7 /* Release */ = {
			isa = XCBuildConfiguration;
			buildSettings = {
			};
			name = Release;
		};
/* End XCBuildConfiguration section */

/* Begin XCConfigurationList section */
		A0DD327B1E26EA9C00A95CA7 /* Build configuration list for PBXProject "openvpn-ldapcmd" */ = {
			isa = XCConfigurationList;
			buildConfigurations = (
				A0DD327C1E26EA9C00A95CA7 /* Debug */,
				A0DD327D1E26EA9C00A95CA7 /* Release */,
			);
			defaultConfigurationIsVisible = 0;
			defaultConfigurationName = Release;
		};
/* End XCConfigurationList section */
	};
	rootObject = A0DD32781E26EA9C00A95CA7 /* Project object */;
}
